
Microsoft Visual Studio Solution File, Format Version 12.00
# Visual Studio 15
VisualStudioVersion = 15.0.28010.2046
MinimumVisualStudioVersion = 10.0.40219.1
Project("{2150E333-8FDC-42A3-9474-1A3956D46DE8}") = "Common", "Common", "{2BF912B4-419E-497E-B77A-9F7E362F8206}"
EndProject
Project("{2150E333-8FDC-42A3-9474-1A3956D46DE8}") = "Business", "Business", "{3159B293-325A-4128-B19F-70B2932F1984}"
EndProject
Project("{2150E333-8FDC-42A3-9474-1A3956D46DE8}") = "Data", "Data", "{1595FF7E-41B9-437D-BF79-5F0C239AA74A}"
EndProject
Project("{9A19103F-16F7-4668-BE54-9A1E7A4F7556}") = "Utilities", "Utilities\Utilities.csproj", "{DCBB28F8-8F8E-4079-81A4-518F6E2EF0EB}"
EndProject
Project("{9A19103F-16F7-4668-BE54-9A1E7A4F7556}") = "Entites", "Entites\Entites.csproj", "{24C9B29F-AB68-446A-91AB-B18C3494B2E1}"
EndProject
Project("{9A19103F-16F7-4668-BE54-9A1E7A4F7556}") = "IBusiness", "Interface\IBusiness.csproj", "{E278572A-2E34-43AF-A6F6-78044609548E}"
EndProject
Project("{9A19103F-16F7-4668-BE54-9A1E7A4F7556}") = "Implementation", "Implementation\Implementation.csproj", "{99893A28-3381-458D-BD75-B57F8092BDB4}"
EndProject
Project("{9A19103F-16F7-4668-BE54-9A1E7A4F7556}") = "Persistance", "Persistance\Persistance.csproj", "{9592E881-90EE-44E7-82C8-6539AA5261CE}"
EndProject
Project("{2150E333-8FDC-42A3-9474-1A3956D46DE8}") = "Api", "Api", "{B6E564F0-6A72-46C4-8AC8-0CE9B9CFEBD0}"
EndProject
Project("{9A19103F-16F7-4668-BE54-9A1E7A4F7556}") = "WebApi", "WebApi\WebApi.csproj", "{4D0733CA-9EC6-4EAD-80DB-75AB84E43232}"
EndProject
Project("{9A19103F-16F7-4668-BE54-9A1E7A4F7556}") = "WebApi.Common", "WebApi.Commom\WebApi.Common.csproj", "{05CBED5A-48F8-4885-8D34-1A0AEA46FF54}"
EndProject
Project("{FAE04EC0-301F-11D3-BF4B-00C04F79EFBC}") = "Data.EF", "Data.EF\Data.EF.csproj", "{2D9D725A-C6F9-41C1-ACA0-2D464A382742}"
EndProject
Global
	GlobalSection(SolutionConfigurationPlatforms) = preSolution
		Debug|Any CPU = Debug|Any CPU
		Release|Any CPU = Release|Any CPU
	EndGlobalSection
	GlobalSection(ProjectConfigurationPlatforms) = postSolution
		{DCBB28F8-8F8E-4079-81A4-518F6E2EF0EB}.Debug|Any CPU.ActiveCfg = Debug|Any CPU
		{DCBB28F8-8F8E-4079-81A4-518F6E2EF0EB}.Debug|Any CPU.Build.0 = Debug|Any CPU
		{DCBB28F8-8F8E-4079-81A4-518F6E2EF0EB}.Release|Any CPU.ActiveCfg = Release|Any CPU
		{DCBB28F8-8F8E-4079-81A4-518F6E2EF0EB}.Release|Any CPU.Build.0 = Release|Any CPU
		{24C9B29F-AB68-446A-91AB-B18C3494B2E1}.Debug|Any CPU.ActiveCfg = Debug|Any CPU
		{24C9B29F-AB68-446A-91AB-B18C3494B2E1}.Debug|Any CPU.Build.0 = Debug|Any CPU
		{24C9B29F-AB68-446A-91AB-B18C3494B2E1}.Release|Any CPU.ActiveCfg = Release|Any CPU
		{24C9B29F-AB68-446A-91AB-B18C3494B2E1}.Release|Any CPU.Build.0 = Release|Any CPU
		{E278572A-2E34-43AF-A6F6-78044609548E}.Debug|Any CPU.ActiveCfg = Debug|Any CPU
		{E278572A-2E34-43AF-A6F6-78044609548E}.Debug|Any CPU.Build.0 = Debug|Any CPU
		{E278572A-2E34-43AF-A6F6-78044609548E}.Release|Any CPU.ActiveCfg = Release|Any CPU
		{E278572A-2E34-43AF-A6F6-78044609548E}.Release|Any CPU.Build.0 = Release|Any CPU
		{99893A28-3381-458D-BD75-B57F8092BDB4}.Debug|Any CPU.ActiveCfg = Debug|Any CPU
		{99893A28-3381-458D-BD75-B57F8092BDB4}.Debug|Any CPU.Build.0 = Debug|Any CPU
		{99893A28-3381-458D-BD75-B57F8092BDB4}.Release|Any CPU.ActiveCfg = Release|Any CPU
		{99893A28-3381-458D-BD75-B57F8092BDB4}.Release|Any CPU.Build.0 = Release|Any CPU
		{9592E881-90EE-44E7-82C8-6539AA5261CE}.Debug|Any CPU.ActiveCfg = Debug|Any CPU
		{9592E881-90EE-44E7-82C8-6539AA5261CE}.Debug|Any CPU.Build.0 = Debug|Any CPU
		{9592E881-90EE-44E7-82C8-6539AA5261CE}.Release|Any CPU.ActiveCfg = Release|Any CPU
		{9592E881-90EE-44E7-82C8-6539AA5261CE}.Release|Any CPU.Build.0 = Release|Any CPU
		{4D0733CA-9EC6-4EAD-80DB-75AB84E43232}.Debug|Any CPU.ActiveCfg = Debug|Any CPU
		{4D0733CA-9EC6-4EAD-80DB-75AB84E43232}.Debug|Any CPU.Build.0 = Debug|Any CPU
		{4D0733CA-9EC6-4EAD-80DB-75AB84E43232}.Release|Any CPU.ActiveCfg = Release|Any CPU
		{4D0733CA-9EC6-4EAD-80DB-75AB84E43232}.Release|Any CPU.Build.0 = Release|Any CPU
		{05CBED5A-48F8-4885-8D34-1A0AEA46FF54}.Debug|Any CPU.ActiveCfg = Debug|Any CPU
		{05CBED5A-48F8-4885-8D34-1A0AEA46FF54}.Debug|Any CPU.Build.0 = Debug|Any CPU
		{05CBED5A-48F8-4885-8D34-1A0AEA46FF54}.Release|Any CPU.ActiveCfg = Release|Any CPU
		{05CBED5A-48F8-4885-8D34-1A0AEA46FF54}.Release|Any CPU.Build.0 = Release|Any CPU
		{2D9D725A-C6F9-41C1-ACA0-2D464A382742}.Debug|Any CPU.ActiveCfg = Debug|Any CPU
		{2D9D725A-C6F9-41C1-ACA0-2D464A382742}.Debug|Any CPU.Build.0 = Debug|Any CPU
		{2D9D725A-C6F9-41C1-ACA0-2D464A382742}.Release|Any CPU.ActiveCfg = Release|Any CPU
		{2D9D725A-C6F9-41C1-ACA0-2D464A382742}.Release|Any CPU.Build.0 = Release|Any CPU
	EndGlobalSection
	GlobalSection(SolutionProperties) = preSolution
		HideSolutionNode = FALSE
	EndGlobalSection
	GlobalSection(NestedProjects) = preSolution
		{DCBB28F8-8F8E-4079-81A4-518F6E2EF0EB} = {2BF912B4-419E-497E-B77A-9F7E362F8206}
		{24C9B29F-AB68-446A-91AB-B18C3494B2E1} = {3159B293-325A-4128-B19F-70B2932F1984}
		{E278572A-2E34-43AF-A6F6-78044609548E} = {3159B293-325A-4128-B19F-70B2932F1984}
		{99893A28-3381-458D-BD75-B57F8092BDB4} = {3159B293-325A-4128-B19F-70B2932F1984}
		{9592E881-90EE-44E7-82C8-6539AA5261CE} = {1595FF7E-41B9-437D-BF79-5F0C239AA74A}
		{4D0733CA-9EC6-4EAD-80DB-75AB84E43232} = {B6E564F0-6A72-46C4-8AC8-0CE9B9CFEBD0}
		{05CBED5A-48F8-4885-8D34-1A0AEA46FF54} = {B6E564F0-6A72-46C4-8AC8-0CE9B9CFEBD0}
		{2D9D725A-C6F9-41C1-ACA0-2D464A382742} = {1595FF7E-41B9-437D-BF79-5F0C239AA74A}
	EndGlobalSection
	GlobalSection(ExtensibilityGlobals) = postSolution
		SolutionGuid = {03D80552-F3F8-479A-8692-4456C93E3296}
	EndGlobalSection
EndGlobal
